{
  "name": "ocpr02-ohmyfood",
  "version": "1.0.0",
  "lockfileVersion": 3,
  "requires": true,
  "packages": {
    "": {
      "name": "ocpr02-ohmyfood",
      "version": "1.0.0",
      "license": "ISC",
      "dependencies": {
        "utopia-core-scss": "^1.0.1"
      }
    },
    "node_modules/utopia-core-scss": {
      "version": "1.0.1",
      "resolved": "https://registry.npmjs.org/utopia-core-scss/-/utopia-core-scss-1.0.1.tgz",
      "integrity": "sha512-1v4FLU6yrQPr8Zy0zJLesY9yAnCBrW1f8UbW/eV8zIEujqjUy5guMFbM4ANRo29QljpUPho91suDZZBnqUNFAQ==",
      "license": "ISC"
    }
  }
}
